
Microsoft Visual Studio Solution File, Format Version 12.00
# Visual Studio Version 17
VisualStudioVersion = 17.14.36603.0 d17.14
MinimumVisualStudioVersion = 10.0.40219.1
Project("{FAE04EC0-301F-11D3-BF4B-00C04F79EFBC}") = "LicenseManager", "LicenseManager\LicenseManager.csproj", "{C1F487F3-A6B7-4AE6-B513-9CB26DEF1127}"
EndProject
Global
	GlobalSection(SolutionConfigurationPlatforms) = preSolution
		Debug|Any CPU = Debug|Any CPU
		Release|Any CPU = Release|Any CPU
	EndGlobalSection
	GlobalSection(ProjectConfigurationPlatforms) = postSolution
		{C1F487F3-A6B7-4AE6-B513-9CB26DEF1127}.Debug|Any CPU.ActiveCfg = Debug|Any CPU
		{C1F487F3-A6B7-4AE6-B513-9CB26DEF1127}.Debug|Any CPU.Build.0 = Debug|Any CPU
		{C1F487F3-A6B7-4AE6-B513-9CB26DEF1127}.Release|Any CPU.ActiveCfg = Release|Any CPU
		{C1F487F3-A6B7-4AE6-B513-9CB26DEF1127}.Release|Any CPU.Build.0 = Release|Any CPU
	EndGlobalSection
	GlobalSection(SolutionProperties) = preSolution
		HideSolutionNode = FALSE
	EndGlobalSection
	GlobalSection(ExtensibilityGlobals) = postSolution
		SolutionGuid = {DF8DAA8C-A2A4-4463-9CEA-28A1B1FA4B4E}
	EndGlobalSection
EndGlobal
